
Microsoft Visual Studio Solution File, Format Version 12.00
# Visual Studio Version 17
VisualStudioVersion = 17.4.33213.308
MinimumVisualStudioVersion = 10.0.40219.1
Project("{FAE04EC0-301F-11D3-BF4B-00C04F79EFBC}") = "WebApi", "WebApi\WebApi.csproj", "{49E7993F-8190-4ED9-AAB0-A11646B91FF5}"
EndProject
Project("{FAE04EC0-301F-11D3-BF4B-00C04F79EFBC}") = "Business", "Business\Business.csproj", "{3FB12C32-1CCA-4D68-8B49-9A1D594B9202}"
EndProject
Project("{FAE04EC0-301F-11D3-BF4B-00C04F79EFBC}") = "DataAccess", "DataAccess\DataAccess.csproj", "{06DE3DCE-8553-4F52-8A52-2FB16F2224F8}"
EndProject
Project("{FAE04EC0-301F-11D3-BF4B-00C04F79EFBC}") = "Entities", "Entities\Entities.csproj", "{0B8117D4-8EB7-4433-ADF3-08AA48E5B41C}"
EndProject
Project("{FAE04EC0-301F-11D3-BF4B-00C04F79EFBC}") = "Core", "Core\Core.csproj", "{7F325778-7E71-4940-9445-35318348AD0F}"
EndProject
Global
	GlobalSection(SolutionConfigurationPlatforms) = preSolution
		Debug|Any CPU = Debug|Any CPU
		Release|Any CPU = Release|Any CPU
	EndGlobalSection
	GlobalSection(ProjectConfigurationPlatforms) = postSolution
		{49E7993F-8190-4ED9-AAB0-A11646B91FF5}.Debug|Any CPU.ActiveCfg = Debug|Any CPU
		{49E7993F-8190-4ED9-AAB0-A11646B91FF5}.Debug|Any CPU.Build.0 = Debug|Any CPU
		{49E7993F-8190-4ED9-AAB0-A11646B91FF5}.Release|Any CPU.ActiveCfg = Release|Any CPU
		{49E7993F-8190-4ED9-AAB0-A11646B91FF5}.Release|Any CPU.Build.0 = Release|Any CPU
		{3FB12C32-1CCA-4D68-8B49-9A1D594B9202}.Debug|Any CPU.ActiveCfg = Debug|Any CPU
		{3FB12C32-1CCA-4D68-8B49-9A1D594B9202}.Debug|Any CPU.Build.0 = Debug|Any CPU
		{3FB12C32-1CCA-4D68-8B49-9A1D594B9202}.Release|Any CPU.ActiveCfg = Release|Any CPU
		{3FB12C32-1CCA-4D68-8B49-9A1D594B9202}.Release|Any CPU.Build.0 = Release|Any CPU
		{06DE3DCE-8553-4F52-8A52-2FB16F2224F8}.Debug|Any CPU.ActiveCfg = Debug|Any CPU
		{06DE3DCE-8553-4F52-8A52-2FB16F2224F8}.Debug|Any CPU.Build.0 = Debug|Any CPU
		{06DE3DCE-8553-4F52-8A52-2FB16F2224F8}.Release|Any CPU.ActiveCfg = Release|Any CPU
		{06DE3DCE-8553-4F52-8A52-2FB16F2224F8}.Release|Any CPU.Build.0 = Release|Any CPU
		{0B8117D4-8EB7-4433-ADF3-08AA48E5B41C}.Debug|Any CPU.ActiveCfg = Debug|Any CPU
		{0B8117D4-8EB7-4433-ADF3-08AA48E5B41C}.Debug|Any CPU.Build.0 = Debug|Any CPU
		{0B8117D4-8EB7-4433-ADF3-08AA48E5B41C}.Release|Any CPU.ActiveCfg = Release|Any CPU
		{0B8117D4-8EB7-4433-ADF3-08AA48E5B41C}.Release|Any CPU.Build.0 = Release|Any CPU
		{7F325778-7E71-4940-9445-35318348AD0F}.Debug|Any CPU.ActiveCfg = Debug|Any CPU
		{7F325778-7E71-4940-9445-35318348AD0F}.Debug|Any CPU.Build.0 = Debug|Any CPU
		{7F325778-7E71-4940-9445-35318348AD0F}.Release|Any CPU.ActiveCfg = Release|Any CPU
		{7F325778-7E71-4940-9445-35318348AD0F}.Release|Any CPU.Build.0 = Release|Any CPU
	EndGlobalSection
	GlobalSection(SolutionProperties) = preSolution
		HideSolutionNode = FALSE
	EndGlobalSection
	GlobalSection(ExtensibilityGlobals) = postSolution
		SolutionGuid = {23828A60-B8DB-45FB-B64E-DD67C9040822}
	EndGlobalSection
EndGlobal
